{
  "pins" : [
    {
      "identity" : "bluesocket",
      "kind" : "remoteSourceControl",
      "location" : "https://github.com/Kitura/BlueSocket.git",
      "state" : {
        "revision" : "270f7bd2ea9d81878022d604f4f3577ce6c1703d",
        "version" : "2.0.3"
      }
    }
  ],
  "version" : 2
}
