// !$*UTF8*$!
{
	archiveVersion = 1;
	classes = {
	};
	objectVersion = 55;
	objects = {

/* Begin PBXBuildFile section */
		4F058F95289168D200CB3E65 /* NUTViewController.swift in Sources */ = {isa = PBXBuildFile; fileRef = 4F058F94289168D200CB3E65 /* NUTViewController.swift */; };
		4F058F9A289169E700CB3E65 /* UPSnutViewController.swift in Sources */ = {isa = PBXBuildFile; fileRef = 4F058F99289169E700CB3E65 /* UPSnutViewController.swift */; };
		4F2B18252892FF8700C647A5 /* NISQuery.swift in Sources */ = {isa = PBXBuildFile; fileRef = 4F2B18242892FF8700C647A5 /* NISQuery.swift */; };
		4F2B18282892FFE500C647A5 /* Socket in Frameworks */ = {isa = PBXBuildFile; productRef = 4F2B18272892FFE500C647A5 /* Socket */; };
		4F2B182A2893001A00C647A5 /* NUTQuery.swift in Sources */ = {isa = PBXBuildFile; fileRef = 4F2B18292893001A00C647A5 /* NUTQuery.swift */; };
		4F2B182C289300A700C647A5 /* APCDetailController.swift in Sources */ = {isa = PBXBuildFile; fileRef = 4F2B182B289300A700C647A5 /* APCDetailController.swift */; };
		4F61A7F0288FF607006BDEB1 /* AppDelegate.swift in Sources */ = {isa = PBXBuildFile; fileRef = 4F61A7EF288FF607006BDEB1 /* AppDelegate.swift */; };
		4F61A7F2288FF607006BDEB1 /* SceneDelegate.swift in Sources */ = {isa = PBXBuildFile; fileRef = 4F61A7F1288FF607006BDEB1 /* SceneDelegate.swift */; };
		4F61A7F4288FF607006BDEB1 /* APCViewController.swift in Sources */ = {isa = PBXBuildFile; fileRef = 4F61A7F3288FF607006BDEB1 /* APCViewController.swift */; };
		4F61A7F7288FF607006BDEB1 /* Main.storyboard in Resources */ = {isa = PBXBuildFile; fileRef = 4F61A7F5288FF607006BDEB1 /* Main.storyboard */; };
		4F61A7FA288FF607006BDEB1 /* UPSnut_Pro.xcdatamodeld in Sources */ = {isa = PBXBuildFile; fileRef = 4F61A7F8288FF607006BDEB1 /* UPSnut_Pro.xcdatamodeld */; };
		4F61A7FC288FF609006BDEB1 /* Assets.xcassets in Resources */ = {isa = PBXBuildFile; fileRef = 4F61A7FB288FF609006BDEB1 /* Assets.xcassets */; };
		4F61A807288FF62C006BDEB1 /* LaunchScreen.storyboard in Resources */ = {isa = PBXBuildFile; fileRef = 4F61A806288FF62C006BDEB1 /* LaunchScreen.storyboard */; };
		4F7AE17B2894BC3800AE9A49 /* SrvStatus.swift in Sources */ = {isa = PBXBuildFile; fileRef = 4F7AE17A2894BC3800AE9A49 /* SrvStatus.swift */; };
		4F7AE17D2894C3B900AE9A49 /* NUTAddServer.swift in Sources */ = {isa = PBXBuildFile; fileRef = 4F7AE17C2894C3B900AE9A49 /* NUTAddServer.swift */; };
		4F84C9DC2893C2830068B19E /* APCAddServer.swift in Sources */ = {isa = PBXBuildFile; fileRef = 4F84C9DB2893C2830068B19E /* APCAddServer.swift */; };
		4F90474D28932DD0003A466B /* ActivityIndicator.swift in Sources */ = {isa = PBXBuildFile; fileRef = 4F90474C28932DD0003A466B /* ActivityIndicator.swift */; };
		4F90474F28933584003A466B /* NUTDetailController.swift in Sources */ = {isa = PBXBuildFile; fileRef = 4F90474E28933584003A466B /* NUTDetailController.swift */; };
		4FAA59F12893BAE000C6E1AD /* LoadingScreen.swift in Sources */ = {isa = PBXBuildFile; fileRef = 4FAA59F02893BAE000C6E1AD /* LoadingScreen.swift */; };
/* End PBXBuildFile section */

/* Begin PBXFileReference section */
		4F058F94289168D200CB3E65 /* NUTViewController.swift */ = {isa = PBXFileReference; lastKnownFileType = sourcecode.swift; path = NUTViewController.swift; sourceTree = "<group>"; };
		4F058F99289169E700CB3E65 /* UPSnutViewController.swift */ = {isa = PBXFileReference; lastKnownFileType = sourcecode.swift; path = UPSnutViewController.swift; sourceTree = "<group>"; };
		4F2B18242892FF8700C647A5 /* NISQuery.swift */ = {isa = PBXFileReference; fileEncoding = 4; lastKnownFileType = sourcecode.swift; path = NISQuery.swift; sourceTree = "<group>"; };
		4F2B18292893001A00C647A5 /* NUTQuery.swift */ = {isa = PBXFileReference; fileEncoding = 4; lastKnownFileType = sourcecode.swift; path = NUTQuery.swift; sourceTree = "<group>"; };
		4F2B182B289300A700C647A5 /* APCDetailController.swift */ = {isa = PBXFileReference; lastKnownFileType = sourcecode.swift; path = APCDetailController.swift; sourceTree = "<group>"; };
		4F61A7EC288FF607006BDEB1 /* UPSnut Pro.app */ = {isa = PBXFileReference; explicitFileType = wrapper.application; includeInIndex = 0; path = "UPSnut Pro.app"; sourceTree = BUILT_PRODUCTS_DIR; };
		4F61A7EF288FF607006BDEB1 /* AppDelegate.swift */ = {isa = PBXFileReference; lastKnownFileType = sourcecode.swift; path = AppDelegate.swift; sourceTree = "<group>"; };
		4F61A7F1288FF607006BDEB1 /* SceneDelegate.swift */ = {isa = PBXFileReference; lastKnownFileType = sourcecode.swift; path = SceneDelegate.swift; sourceTree = "<group>"; };
		4F61A7F3288FF607006BDEB1 /* APCViewController.swift */ = {isa = PBXFileReference; lastKnownFileType = sourcecode.swift; path = APCViewController.swift; sourceTree = "<group>"; };
		4F61A7F6288FF607006BDEB1 /* Base */ = {isa = PBXFileReference; lastKnownFileType = file.storyboard; name = Base; path = Base.lproj/Main.storyboard; sourceTree = "<group>"; };
		4F61A7F9288FF607006BDEB1 /* UPSnut_Pro.xcdatamodel */ = {isa = PBXFileReference; lastKnownFileType = wrapper.xcdatamodel; path = UPSnut_Pro.xcdatamodel; sourceTree = "<group>"; };
		4F61A7FB288FF609006BDEB1 /* Assets.xcassets */ = {isa = PBXFileReference; lastKnownFileType = folder.assetcatalog; path = Assets.xcassets; sourceTree = "<group>"; };
		4F61A800288FF609006BDEB1 /* Info.plist */ = {isa = PBXFileReference; lastKnownFileType = text.plist.xml; path = Info.plist; sourceTree = "<group>"; };
		4F61A806288FF62C006BDEB1 /* LaunchScreen.storyboard */ = {isa = PBXFileReference; fileEncoding = 4; lastKnownFileType = file.storyboard; path = LaunchScreen.storyboard; sourceTree = "<group>"; };
		4F61A8082890E4CC006BDEB1 /* UPSnut Pro.entitlements */ = {isa = PBXFileReference; lastKnownFileType = text.plist.entitlements; path = "UPSnut Pro.entitlements"; sourceTree = "<group>"; };
		4F7AE17A2894BC3800AE9A49 /* SrvStatus.swift */ = {isa = PBXFileReference; lastKnownFileType = sourcecode.swift; path = SrvStatus.swift; sourceTree = "<group>"; };
		4F7AE17C2894C3B900AE9A49 /* NUTAddServer.swift */ = {isa = PBXFileReference; lastKnownFileType = sourcecode.swift; path = NUTAddServer.swift; sourceTree = "<group>"; };
		4F84C9DB2893C2830068B19E /* APCAddServer.swift */ = {isa = PBXFileReference; lastKnownFileType = sourcecode.swift; path = APCAddServer.swift; sourceTree = "<group>"; };
		4F90474C28932DD0003A466B /* ActivityIndicator.swift */ = {isa = PBXFileReference; fileEncoding = 4; lastKnownFileType = sourcecode.swift; path = ActivityIndicator.swift; sourceTree = "<group>"; };
		4F90474E28933584003A466B /* NUTDetailController.swift */ = {isa = PBXFileReference; lastKnownFileType = sourcecode.swift; path = NUTDetailController.swift; sourceTree = "<group>"; };
		4FAA59F02893BAE000C6E1AD /* LoadingScreen.swift */ = {isa = PBXFileReference; lastKnownFileType = sourcecode.swift; path = LoadingScreen.swift; sourceTree = "<group>"; };
/* End PBXFileReference section */

/* Begin PBXFrameworksBuildPhase section */
		4F61A7E9288FF607006BDEB1 /* Frameworks */ = {
			isa = PBXFrameworksBuildPhase;
			buildActionMask = 2147483647;
			files = (
				4F2B18282892FFE500C647A5 /* Socket in Frameworks */,
			);
			runOnlyForDeploymentPostprocessing = 0;
		};
/* End PBXFrameworksBuildPhase section */

/* Begin PBXGroup section */
		4F058F962891695C00CB3E65 /* Common */ = {
			isa = PBXGroup;
			children = (
				4F058F99289169E700CB3E65 /* UPSnutViewController.swift */,
				4F90474C28932DD0003A466B /* ActivityIndicator.swift */,
				4FAA59F02893BAE000C6E1AD /* LoadingScreen.swift */,
				4F7AE17A2894BC3800AE9A49 /* SrvStatus.swift */,
			);
			path = Common;
			sourceTree = "<group>";
		};
		4F61A7E3288FF607006BDEB1 = {
			isa = PBXGroup;
			children = (
				4F61A7EE288FF607006BDEB1 /* UPSnut Pro */,
				4F61A7ED288FF607006BDEB1 /* Products */,
			);
			sourceTree = "<group>";
		};
		4F61A7ED288FF607006BDEB1 /* Products */ = {
			isa = PBXGroup;
			children = (
				4F61A7EC288FF607006BDEB1 /* UPSnut Pro.app */,
			);
			name = Products;
			sourceTree = "<group>";
		};
		4F61A7EE288FF607006BDEB1 /* UPSnut Pro */ = {
			isa = PBXGroup;
			children = (
				4F61A8082890E4CC006BDEB1 /* UPSnut Pro.entitlements */,
				4F61A7EF288FF607006BDEB1 /* AppDelegate.swift */,
				4F61A7F1288FF607006BDEB1 /* SceneDelegate.swift */,
				4F61A7F5288FF607006BDEB1 /* Main.storyboard */,
				4F61A7FB288FF609006BDEB1 /* Assets.xcassets */,
				4F61A806288FF62C006BDEB1 /* LaunchScreen.storyboard */,
				4F61A800288FF609006BDEB1 /* Info.plist */,
				4F61A7F8288FF607006BDEB1 /* UPSnut_Pro.xcdatamodeld */,
				4F058F962891695C00CB3E65 /* Common */,
				4F9A39BD28913F71005B9BE1 /* APCUPSD */,
				4F9A39BE28913F8F005B9BE1 /* NUT */,
			);
			path = "UPSnut Pro";
			sourceTree = "<group>";
		};
		4F9A39BD28913F71005B9BE1 /* APCUPSD */ = {
			isa = PBXGroup;
			children = (
				4F2B18242892FF8700C647A5 /* NISQuery.swift */,
				4F84C9DB2893C2830068B19E /* APCAddServer.swift */,
				4F61A7F3288FF607006BDEB1 /* APCViewController.swift */,
				4F2B182B289300A700C647A5 /* APCDetailController.swift */,
			);
			path = APCUPSD;
			sourceTree = "<group>";
		};
		4F9A39BE28913F8F005B9BE1 /* NUT */ = {
			isa = PBXGroup;
			children = (
				4F2B18292893001A00C647A5 /* NUTQuery.swift */,
				4F7AE17C2894C3B900AE9A49 /* NUTAddServer.swift */,
				4F058F94289168D200CB3E65 /* NUTViewController.swift */,
				4F90474E28933584003A466B /* NUTDetailController.swift */,
			);
			path = NUT;
			sourceTree = "<group>";
		};
/* End PBXGroup section */

/* Begin PBXNativeTarget section */
		4F61A7EB288FF607006BDEB1 /* UPSnut Pro */ = {
			isa = PBXNativeTarget;
			buildConfigurationList = 4F61A803288FF609006BDEB1 /* Build configuration list for PBXNativeTarget "UPSnut Pro" */;
			buildPhases = (
				4F61A7E8288FF607006BDEB1 /* Sources */,
				4F61A7E9288FF607006BDEB1 /* Frameworks */,
				4FA1D769289BEB810033F457 /* ShellScript */,
				4F61A7EA288FF607006BDEB1 /* Resources */,
			);
			buildRules = (
			);
			dependencies = (
			);
			name = "UPSnut Pro";
			packageProductDependencies = (
				4F2B18272892FFE500C647A5 /* Socket */,
			);
			productName = "UPSnut Pro";
			productReference = 4F61A7EC288FF607006BDEB1 /* UPSnut Pro.app */;
			productType = "com.apple.product-type.application";
		};
/* End PBXNativeTarget section */

/* Begin PBXProject section */
		4F61A7E4288FF607006BDEB1 /* Project object */ = {
			isa = PBXProject;
			attributes = {
				BuildIndependentTargetsInParallel = 1;
				LastSwiftUpdateCheck = 1340;
				LastUpgradeCheck = 1340;
				TargetAttributes = {
					4F61A7EB288FF607006BDEB1 = {
						CreatedOnToolsVersion = 13.4.1;
					};
				};
			};
			buildConfigurationList = 4F61A7E7288FF607006BDEB1 /* Build configuration list for PBXProject "UPSnut Pro" */;
			compatibilityVersion = "Xcode 13.0";
			developmentRegion = en;
			hasScannedForEncodings = 0;
			knownRegions = (
				en,
				Base,
			);
			mainGroup = 4F61A7E3288FF607006BDEB1;
			packageReferences = (
				4F2B18262892FFE500C647A5 /* XCRemoteSwiftPackageReference "BlueSocket" */,
			);
			productRefGroup = 4F61A7ED288FF607006BDEB1 /* Products */;
			projectDirPath = "";
			projectRoot = "";
			targets = (
				4F61A7EB288FF607006BDEB1 /* UPSnut Pro */,
			);
		};
/* End PBXProject section */

/* Begin PBXResourcesBuildPhase section */
		4F61A7EA288FF607006BDEB1 /* Resources */ = {
			isa = PBXResourcesBuildPhase;
			buildActionMask = 2147483647;
			files = (
				4F61A807288FF62C006BDEB1 /* LaunchScreen.storyboard in Resources */,
				4F61A7FC288FF609006BDEB1 /* Assets.xcassets in Resources */,
				4F61A7F7288FF607006BDEB1 /* Main.storyboard in Resources */,
			);
			runOnlyForDeploymentPostprocessing = 0;
		};
/* End PBXResourcesBuildPhase section */

/* Begin PBXShellScriptBuildPhase section */
		4FA1D769289BEB810033F457 /* ShellScript */ = {
			isa = PBXShellScriptBuildPhase;
			buildActionMask = 12;
			files = (
			);
			inputFileListPaths = (
			);
			inputPaths = (
			);
			outputFileListPaths = (
			);
			outputPaths = (
			);
			runOnlyForDeploymentPostprocessing = 0;
			shellPath = /bin/sh;
			shellScript = "# Output version & build number to the APP_VERSION label on LaunchScreen.storyboard\nversionNumber=\"$MARKETING_VERSION\"\nbuildNumber=\"$CURRENT_PROJECT_VERSION\"\n\nsed -i \"\" -e \"/userLabel=\\\"APP_VERSION\\\"/s/text=\\\"[^\\\"]*\\\"/text=\\\"Version: $versionNumber ($buildNumber)\\\"/\" \"$PROJECT_DIR/$PROJECT_NAME/LaunchScreen.storyboard\"\n";
		};
/* End PBXShellScriptBuildPhase section */

/* Begin PBXSourcesBuildPhase section */
		4F61A7E8288FF607006BDEB1 /* Sources */ = {
			isa = PBXSourcesBuildPhase;
			buildActionMask = 2147483647;
			files = (
				4F61A7F4288FF607006BDEB1 /* APCViewController.swift in Sources */,
				4F058F95289168D200CB3E65 /* NUTViewController.swift in Sources */,
				4F2B182C289300A700C647A5 /* APCDetailController.swift in Sources */,
				4F61A7F0288FF607006BDEB1 /* AppDelegate.swift in Sources */,
				4F2B18252892FF8700C647A5 /* NISQuery.swift in Sources */,
				4F90474D28932DD0003A466B /* ActivityIndicator.swift in Sources */,
				4F90474F28933584003A466B /* NUTDetailController.swift in Sources */,
				4F058F9A289169E700CB3E65 /* UPSnutViewController.swift in Sources */,
				4FAA59F12893BAE000C6E1AD /* LoadingScreen.swift in Sources */,
				4F84C9DC2893C2830068B19E /* APCAddServer.swift in Sources */,
				4F61A7FA288FF607006BDEB1 /* UPSnut_Pro.xcdatamodeld in Sources */,
				4F2B182A2893001A00C647A5 /* NUTQuery.swift in Sources */,
				4F61A7F2288FF607006BDEB1 /* SceneDelegate.swift in Sources */,
				4F7AE17B2894BC3800AE9A49 /* SrvStatus.swift in Sources */,
				4F7AE17D2894C3B900AE9A49 /* NUTAddServer.swift in Sources */,
			);
			runOnlyForDeploymentPostprocessing = 0;
		};
/* End PBXSourcesBuildPhase section */

/* Begin PBXVariantGroup section */
		4F61A7F5288FF607006BDEB1 /* Main.storyboard */ = {
			isa = PBXVariantGroup;
			children = (
				4F61A7F6288FF607006BDEB1 /* Base */,
			);
			name = Main.storyboard;
			sourceTree = "<group>";
		};
/* End PBXVariantGroup section */

/* Begin XCBuildConfiguration section */
		4F61A801288FF609006BDEB1 /* Debug */ = {
			isa = XCBuildConfiguration;
			buildSettings = {
				ALWAYS_SEARCH_USER_PATHS = NO;
				CLANG_ANALYZER_NONNULL = YES;
				CLANG_ANALYZER_NUMBER_OBJECT_CONVERSION = YES_AGGRESSIVE;
				CLANG_CXX_LANGUAGE_STANDARD = "gnu++17";
				CLANG_ENABLE_MODULES = YES;
				CLANG_ENABLE_OBJC_ARC = YES;
				CLANG_ENABLE_OBJC_WEAK = YES;
				CLANG_WARN_BLOCK_CAPTURE_AUTORELEASING = YES;
				CLANG_WARN_BOOL_CONVERSION = YES;
				CLANG_WARN_COMMA = YES;
				CLANG_WARN_CONSTANT_CONVERSION = YES;
				CLANG_WARN_DEPRECATED_OBJC_IMPLEMENTATIONS = YES;
				CLANG_WARN_DIRECT_OBJC_ISA_USAGE = YES_ERROR;
				CLANG_WARN_DOCUMENTATION_COMMENTS = YES;
				CLANG_WARN_EMPTY_BODY = YES;
				CLANG_WARN_ENUM_CONVERSION = YES;
				CLANG_WARN_INFINITE_RECURSION = YES;
				CLANG_WARN_INT_CONVERSION = YES;
				CLANG_WARN_NON_LITERAL_NULL_CONVERSION = YES;
				CLANG_WARN_OBJC_IMPLICIT_RETAIN_SELF = YES;
				CLANG_WARN_OBJC_LITERAL_CONVERSION = YES;
				CLANG_WARN_OBJC_ROOT_CLASS = YES_ERROR;
				CLANG_WARN_QUOTED_INCLUDE_IN_FRAMEWORK_HEADER = YES;
				CLANG_WARN_RANGE_LOOP_ANALYSIS = YES;
				CLANG_WARN_STRICT_PROTOTYPES = YES;
				CLANG_WARN_SUSPICIOUS_MOVE = YES;
				CLANG_WARN_UNGUARDED_AVAILABILITY = YES_AGGRESSIVE;
				CLANG_WARN_UNREACHABLE_CODE = YES;
				CLANG_WARN__DUPLICATE_METHOD_MATCH = YES;
				COPY_PHASE_STRIP = NO;
				DEBUG_INFORMATION_FORMAT = dwarf;
				ENABLE_STRICT_OBJC_MSGSEND = YES;
				ENABLE_TESTABILITY = YES;
				GCC_C_LANGUAGE_STANDARD = gnu11;
				GCC_DYNAMIC_NO_PIC = NO;
				GCC_NO_COMMON_BLOCKS = YES;
				GCC_OPTIMIZATION_LEVEL = 0;
				GCC_PREPROCESSOR_DEFINITIONS = (
					"DEBUG=1",
					"$(inherited)",
				);
				GCC_WARN_64_TO_32_BIT_CONVERSION = YES;
				GCC_WARN_ABOUT_RETURN_TYPE = YES_ERROR;
				GCC_WARN_UNDECLARED_SELECTOR = YES;
				GCC_WARN_UNINITIALIZED_AUTOS = YES_AGGRESSIVE;
				GCC_WARN_UNUSED_FUNCTION = YES;
				GCC_WARN_UNUSED_VARIABLE = YES;
				INFOPLIST_KEY_UILaunchStoryboardName = "";
				IPHONEOS_DEPLOYMENT_TARGET = 15.5;
				MTL_ENABLE_DEBUG_INFO = INCLUDE_SOURCE;
				MTL_FAST_MATH = YES;
				ONLY_ACTIVE_ARCH = YES;
				SDKROOT = iphoneos;
				SWIFT_ACTIVE_COMPILATION_CONDITIONS = DEBUG;
				SWIFT_OPTIMIZATION_LEVEL = "-Onone";
			};
			name = Debug;
		};
		4F61A802288FF609006BDEB1 /* Release */ = {
			isa = XCBuildConfiguration;
			buildSettings = {
				ALWAYS_SEARCH_USER_PATHS = NO;
				CLANG_ANALYZER_NONNULL = YES;
				CLANG_ANALYZER_NUMBER_OBJECT_CONVERSION = YES_AGGRESSIVE;
				CLANG_CXX_LANGUAGE_STANDARD = "gnu++17";
				CLANG_ENABLE_MODULES = YES;
				CLANG_ENABLE_OBJC_ARC = YES;
				CLANG_ENABLE_OBJC_WEAK = YES;
				CLANG_WARN_BLOCK_CAPTURE_AUTORELEASING = YES;
				CLANG_WARN_BOOL_CONVERSION = YES;
				CLANG_WARN_COMMA = YES;
				CLANG_WARN_CONSTANT_CONVERSION = YES;
				CLANG_WARN_DEPRECATED_OBJC_IMPLEMENTATIONS = YES;
				CLANG_WARN_DIRECT_OBJC_ISA_USAGE = YES_ERROR;
				CLANG_WARN_DOCUMENTATION_COMMENTS = YES;
				CLANG_WARN_EMPTY_BODY = YES;
				CLANG_WARN_ENUM_CONVERSION = YES;
				CLANG_WARN_INFINITE_RECURSION = YES;
				CLANG_WARN_INT_CONVERSION = YES;
				CLANG_WARN_NON_LITERAL_NULL_CONVERSION = YES;
				CLANG_WARN_OBJC_IMPLICIT_RETAIN_SELF = YES;
				CLANG_WARN_OBJC_LITERAL_CONVERSION = YES;
				CLANG_WARN_OBJC_ROOT_CLASS = YES_ERROR;
				CLANG_WARN_QUOTED_INCLUDE_IN_FRAMEWORK_HEADER = YES;
				CLANG_WARN_RANGE_LOOP_ANALYSIS = YES;
				CLANG_WARN_STRICT_PROTOTYPES = YES;
				CLANG_WARN_SUSPICIOUS_MOVE = YES;
				CLANG_WARN_UNGUARDED_AVAILABILITY = YES_AGGRESSIVE;
				CLANG_WARN_UNREACHABLE_CODE = YES;
				CLANG_WARN__DUPLICATE_METHOD_MATCH = YES;
				COPY_PHASE_STRIP = NO;
				DEBUG_INFORMATION_FORMAT = "dwarf-with-dsym";
				ENABLE_NS_ASSERTIONS = NO;
				ENABLE_STRICT_OBJC_MSGSEND = YES;
				GCC_C_LANGUAGE_STANDARD = gnu11;
				GCC_NO_COMMON_BLOCKS = YES;
				GCC_WARN_64_TO_32_BIT_CONVERSION = YES;
				GCC_WARN_ABOUT_RETURN_TYPE = YES_ERROR;
				GCC_WARN_UNDECLARED_SELECTOR = YES;
				GCC_WARN_UNINITIALIZED_AUTOS = YES_AGGRESSIVE;
				GCC_WARN_UNUSED_FUNCTION = YES;
				GCC_WARN_UNUSED_VARIABLE = YES;
				INFOPLIST_KEY_UILaunchStoryboardName = "";
				IPHONEOS_DEPLOYMENT_TARGET = 15.5;
				MTL_ENABLE_DEBUG_INFO = NO;
				MTL_FAST_MATH = YES;
				SDKROOT = iphoneos;
				SWIFT_COMPILATION_MODE = wholemodule;
				SWIFT_OPTIMIZATION_LEVEL = "-O";
				VALIDATE_PRODUCT = YES;
			};
			name = Release;
		};
		4F61A804288FF609006BDEB1 /* Debug */ = {
			isa = XCBuildConfiguration;
			buildSettings = {
				ASSETCATALOG_COMPILER_APPICON_NAME = AppIcon;
				ASSETCATALOG_COMPILER_GLOBAL_ACCENT_COLOR_NAME = AccentColor;
				CODE_SIGN_ENTITLEMENTS = "UPSnut Pro/UPSnut Pro.entitlements";
				"CODE_SIGN_IDENTITY[sdk=macosx*]" = "Apple Development";
				CODE_SIGN_STYLE = Automatic;
				CURRENT_PROJECT_VERSION = 1;
				DEVELOPMENT_TEAM = J2ZHV5HQ5C;
				GENERATE_INFOPLIST_FILE = YES;
				INFOPLIST_FILE = "UPSnut Pro/Info.plist";
				INFOPLIST_KEY_LSApplicationCategoryType = "public.app-category.utilities";
				INFOPLIST_KEY_UIApplicationSupportsIndirectInputEvents = YES;
				INFOPLIST_KEY_UILaunchStoryboardName = LaunchScreen;
				INFOPLIST_KEY_UIMainStoryboardFile = Main;
				INFOPLIST_KEY_UISupportedInterfaceOrientations = UIInterfaceOrientationPortrait;
				INFOPLIST_KEY_UISupportedInterfaceOrientations_iPad = "UIInterfaceOrientationPortrait UIInterfaceOrientationPortraitUpsideDown UIInterfaceOrientationLandscapeLeft UIInterfaceOrientationLandscapeRight";
				INFOPLIST_KEY_UISupportedInterfaceOrientations_iPhone = "UIInterfaceOrientationPortrait UIInterfaceOrientationLandscapeLeft UIInterfaceOrientationLandscapeRight";
				IPHONEOS_DEPLOYMENT_TARGET = 13.1;
				LD_RUNPATH_SEARCH_PATHS = (
					"$(inherited)",
					"@executable_path/Frameworks",
				);
				MARKETING_VERSION = 2.0;
				PRODUCT_BUNDLE_IDENTIFIER = "ro.ioanm.UPSnut-Pro";
				PRODUCT_NAME = "$(TARGET_NAME)";
				SUPPORTS_MACCATALYST = NO;
				SWIFT_EMIT_LOC_STRINGS = YES;
				SWIFT_VERSION = 5.0;
				TARGETED_DEVICE_FAMILY = "1,2";
			};
			name = Debug;
		};
		4F61A805288FF609006BDEB1 /* Release */ = {
			isa = XCBuildConfiguration;
			buildSettings = {
				ASSETCATALOG_COMPILER_APPICON_NAME = AppIcon;
				ASSETCATALOG_COMPILER_GLOBAL_ACCENT_COLOR_NAME = AccentColor;
				CODE_SIGN_ENTITLEMENTS = "UPSnut Pro/UPSnut Pro.entitlements";
				"CODE_SIGN_IDENTITY[sdk=macosx*]" = "Apple Development";
				CODE_SIGN_STYLE = Automatic;
				CURRENT_PROJECT_VERSION = 1;
				DEVELOPMENT_TEAM = J2ZHV5HQ5C;
				GENERATE_INFOPLIST_FILE = YES;
				INFOPLIST_FILE = "UPSnut Pro/Info.plist";
				INFOPLIST_KEY_LSApplicationCategoryType = "public.app-category.utilities";
				INFOPLIST_KEY_UIApplicationSupportsIndirectInputEvents = YES;
				INFOPLIST_KEY_UILaunchStoryboardName = LaunchScreen;
				INFOPLIST_KEY_UIMainStoryboardFile = Main;
				INFOPLIST_KEY_UISupportedInterfaceOrientations = UIInterfaceOrientationPortrait;
				INFOPLIST_KEY_UISupportedInterfaceOrientations_iPad = "UIInterfaceOrientationPortrait UIInterfaceOrientationPortraitUpsideDown UIInterfaceOrientationLandscapeLeft UIInterfaceOrientationLandscapeRight";
				INFOPLIST_KEY_UISupportedInterfaceOrientations_iPhone = "UIInterfaceOrientationPortrait UIInterfaceOrientationLandscapeLeft UIInterfaceOrientationLandscapeRight";
				IPHONEOS_DEPLOYMENT_TARGET = 13.1;
				LD_RUNPATH_SEARCH_PATHS = (
					"$(inherited)",
					"@executable_path/Frameworks",
				);
				MARKETING_VERSION = 2.0;
				PRODUCT_BUNDLE_IDENTIFIER = "ro.ioanm.UPSnut-Pro";
				PRODUCT_NAME = "$(TARGET_NAME)";
				SUPPORTS_MACCATALYST = NO;
				SWIFT_EMIT_LOC_STRINGS = YES;
				SWIFT_VERSION = 5.0;
				TARGETED_DEVICE_FAMILY = "1,2";
			};
			name = Release;
		};
/* End XCBuildConfiguration section */

/* Begin XCConfigurationList section */
		4F61A7E7288FF607006BDEB1 /* Build configuration list for PBXProject "UPSnut Pro" */ = {
			isa = XCConfigurationList;
			buildConfigurations = (
				4F61A801288FF609006BDEB1 /* Debug */,
				4F61A802288FF609006BDEB1 /* Release */,
			);
			defaultConfigurationIsVisible = 0;
			defaultConfigurationName = Release;
		};
		4F61A803288FF609006BDEB1 /* Build configuration list for PBXNativeTarget "UPSnut Pro" */ = {
			isa = XCConfigurationList;
			buildConfigurations = (
				4F61A804288FF609006BDEB1 /* Debug */,
				4F61A805288FF609006BDEB1 /* Release */,
			);
			defaultConfigurationIsVisible = 0;
			defaultConfigurationName = Release;
		};
/* End XCConfigurationList section */

/* Begin XCRemoteSwiftPackageReference section */
		4F2B18262892FFE500C647A5 /* XCRemoteSwiftPackageReference "BlueSocket" */ = {
			isa = XCRemoteSwiftPackageReference;
			repositoryURL = "https://github.com/Kitura/BlueSocket.git";
			requirement = {
				kind = upToNextMajorVersion;
				minimumVersion = 2.0.0;
			};
		};
/* End XCRemoteSwiftPackageReference section */

/* Begin XCSwiftPackageProductDependency section */
		4F2B18272892FFE500C647A5 /* Socket */ = {
			isa = XCSwiftPackageProductDependency;
			package = 4F2B18262892FFE500C647A5 /* XCRemoteSwiftPackageReference "BlueSocket" */;
			productName = Socket;
		};
/* End XCSwiftPackageProductDependency section */

/* Begin XCVersionGroup section */
		4F61A7F8288FF607006BDEB1 /* UPSnut_Pro.xcdatamodeld */ = {
			isa = XCVersionGroup;
			children = (
				4F61A7F9288FF607006BDEB1 /* UPSnut_Pro.xcdatamodel */,
			);
			currentVersion = 4F61A7F9288FF607006BDEB1 /* UPSnut_Pro.xcdatamodel */;
			path = UPSnut_Pro.xcdatamodeld;
			sourceTree = "<group>";
			versionGroupType = wrapper.xcdatamodel;
		};
/* End XCVersionGroup section */
	};
	rootObject = 4F61A7E4288FF607006BDEB1 /* Project object */;
}
